<?xml version="1.0" encoding="utf-8"?>
<Project ToolsVersion="4.0" xmlns="http://schemas.microsoft.com/developer/msbuild/2003">
  <ItemGroup>
    <Filter Include="Source Files">
      <UniqueIdentifier>{4FC737F1-C7A5-4376-A066-2A32D752A2FF}</UniqueIdentifier>
      <Extensions>cpp;c;cc;cxx;c++;cppm;ixx;def;odl;idl;hpj;bat;asm;asmx</Extensions>
    </Filter>
    <Filter Include="Header Files">
      <UniqueIdentifier>{93995380-89BD-4b04-88EB-625FBE52EBFB}</UniqueIdentifier>
      <Extensions>h;hh;hpp;hxx;h++;hm;inl;inc;ipp;xsd</Extensions>
    </Filter>
    <Filter Include="Source Files\Graphics">
      <UniqueIdentifier>{de9bfa68-3914-4731-b50c-c89689302bb1}</UniqueIdentifier>
    </Filter>
    <Filter Include="Header Files\Structs">
      <UniqueIdentifier>{ad757a18-6b0a-4abc-8070-f4af1440ad5e}</UniqueIdentifier>
    </Filter>
    <Filter Include="Header Files\Graphics">
      <UniqueIdentifier>{fdce90af-5b27-4269-9229-7f6a6c492cd6}</UniqueIdentifier>
    </Filter>
    <Filter Include="Header Files\Helpers">
      <UniqueIdentifier>{c792e4d1-cb92-4590-b16d-177b6c7830d4}</UniqueIdentifier>
    </Filter>
    <Filter Include="Source Files\Helpers">
      <UniqueIdentifier>{f4da881a-8cb8-4934-b50a-38e937f94296}</UniqueIdentifier>
    </Filter>
    <Filter Include="Header Files\Enums">
      <UniqueIdentifier>{8e847710-aa29-4755-b9e9-f8c514be7a22}</UniqueIdentifier>
    </Filter>
    <Filter Include="Header Files\Game">
      <UniqueIdentifier>{593fd712-719d-4971-9a7a-eace28a56f0c}</UniqueIdentifier>
    </Filter>
    <Filter Include="Source Files\Game">
      <UniqueIdentifier>{0460dd4a-fb1a-4f00-b5b9-ec6cec65e6cc}</UniqueIdentifier>
    </Filter>
    <Filter Include="Header Files\Examples">
      <UniqueIdentifier>{da7c5ec4-cf18-4557-a5fd-a9fa93ba38dd}</UniqueIdentifier>
    </Filter>
    <Filter Include="Source Files\Examples">
      <UniqueIdentifier>{a71ec5c5-cb8d-4db9-bdac-63e75c49270d}</UniqueIdentifier>
    </Filter>
  </ItemGroup>
  <ItemGroup>
    <None Include="packages.config" />
  </ItemGroup>
  <ItemGroup>
    <ClCompile Include="main.cpp">
      <Filter>Source Files</Filter>
    </ClCompile>
    <ClCompile Include="IC_graphicsManager.cpp">
      <Filter>Source Files\Graphics</Filter>
    </ClCompile>
    <ClCompile Include="vectorHelpers.cpp">
      <Filter>Source Files\Helpers</Filter>
    </ClCompile>
    <ClCompile Include="IC_visualDebugger.cpp">
      <Filter>Source Files\Graphics</Filter>
    </ClCompile>
    <ClCompile Include="IC_inputSystem.cpp">
      <Filter>Source Files</Filter>
    </ClCompile>
    <ClCompile Include="IC_inputStructs.cpp">
      <Filter>Source Files</Filter>
    </ClCompile>
    <ClCompile Include="IC_game.cpp">
      <Filter>Source Files\Game</Filter>
    </ClCompile>
    <ClCompile Include="IC_exampleGame.cpp">
      <Filter>Source Files\Examples</Filter>
    </ClCompile>
  </ItemGroup>
  <ItemGroup>
    <ClInclude Include="IC_graphicsStructs.h">
      <Filter>Header Files\Structs</Filter>
    </ClInclude>
    <ClInclude Include="IC_graphicsManager.h">
      <Filter>Header Files\Graphics</Filter>
    </ClInclude>
    <ClInclude Include="vectorHelpers.h">
      <Filter>Header Files\Helpers</Filter>
    </ClInclude>
    <ClInclude Include="IC_visualDebugger.h">
      <Filter>Header Files\Graphics</Filter>
    </ClInclude>
    <ClInclude Include="IC_debugStructs.h">
      <Filter>Header Files\Structs</Filter>
    </ClInclude>
    <ClInclude Include="IC_inputSystem.h">
      <Filter>Header Files</Filter>
    </ClInclude>
    <ClInclude Include="IC_inputStructs.h">
      <Filter>Header Files\Structs</Filter>
    </ClInclude>
    <ClInclude Include="IC_inputEnums.h">
      <Filter>Header Files\Enums</Filter>
    </ClInclude>
    <ClInclude Include="IC_game.h">
      <Filter>Header Files\Game</Filter>
    </ClInclude>
    <ClInclude Include="IC_exampleGame.h">
      <Filter>Header Files\Examples</Filter>
    </ClInclude>
  </ItemGroup>
</Project>