<?xml version="1.0" encoding="utf-8"?>
<Project ToolsVersion="4.0" xmlns="http://schemas.microsoft.com/developer/msbuild/2003">
  <ItemGroup>
    <Filter Include="Source Files">
      <UniqueIdentifier>{4FC737F1-C7A5-4376-A066-2A32D752A2FF}</UniqueIdentifier>
      <Extensions>cpp;c;cc;cxx;c++;cppm;ixx;def;odl;idl;hpj;bat;asm;asmx</Extensions>
    </Filter>
    <Filter Include="Header Files">
      <UniqueIdentifier>{93995380-89BD-4b04-88EB-625FBE52EBFB}</UniqueIdentifier>
      <Extensions>h;hh;hpp;hxx;h++;hm;inl;inc;ipp;xsd</Extensions>
    </Filter>
    <Filter Include="Header Files\Helpers">
      <UniqueIdentifier>{c792e4d1-cb92-4590-b16d-177b6c7830d4}</UniqueIdentifier>
    </Filter>
    <Filter Include="Source Files\Helpers">
      <UniqueIdentifier>{f4da881a-8cb8-4934-b50a-38e937f94296}</UniqueIdentifier>
    </Filter>
    <Filter Include="Header Files\Examples">
      <UniqueIdentifier>{da7c5ec4-cf18-4557-a5fd-a9fa93ba38dd}</UniqueIdentifier>
    </Filter>
    <Filter Include="Source Files\Examples">
      <UniqueIdentifier>{a71ec5c5-cb8d-4db9-bdac-63e75c49270d}</UniqueIdentifier>
    </Filter>
    <Filter Include="Header Files\DataTypes">
      <UniqueIdentifier>{5e0f1666-646b-4284-861f-182e52dd43a2}</UniqueIdentifier>
    </Filter>
    <Filter Include="Header Files\DataTypes\Structs">
      <UniqueIdentifier>{ad757a18-6b0a-4abc-8070-f4af1440ad5e}</UniqueIdentifier>
    </Filter>
    <Filter Include="Header Files\DataTypes\Enums">
      <UniqueIdentifier>{8e847710-aa29-4755-b9e9-f8c514be7a22}</UniqueIdentifier>
    </Filter>
    <Filter Include="Header Files\ICObjects">
      <UniqueIdentifier>{2445203d-031d-425f-8d77-a9ce5babebd0}</UniqueIdentifier>
    </Filter>
    <Filter Include="Header Files\ICObjects\Entities">
      <UniqueIdentifier>{37dff0e6-e14e-4fac-8774-41c2f9cd52a4}</UniqueIdentifier>
    </Filter>
    <Filter Include="Source Files\ICObjects">
      <UniqueIdentifier>{3565a311-e51d-400b-8482-e7da982dd171}</UniqueIdentifier>
    </Filter>
    <Filter Include="Source Files\ICObjects\Entities">
      <UniqueIdentifier>{33ac971e-4b68-4083-bd50-8bc04a2bfa24}</UniqueIdentifier>
    </Filter>
    <Filter Include="Header Files\Systems">
      <UniqueIdentifier>{7b5e0b5a-6a71-4e90-b851-1bc2fec2f46b}</UniqueIdentifier>
    </Filter>
    <Filter Include="Source Files\Systems">
      <UniqueIdentifier>{76a99c1e-20af-4559-a5f7-93f2a6ed03fe}</UniqueIdentifier>
    </Filter>
  </ItemGroup>
  <ItemGroup>
    <None Include="packages.config" />
  </ItemGroup>
  <ItemGroup>
    <ClCompile Include="main.cpp">
      <Filter>Source Files</Filter>
    </ClCompile>
    <ClCompile Include="vectorHelpers.cpp">
      <Filter>Source Files\Helpers</Filter>
    </ClCompile>
    <ClCompile Include="IC_exampleGame.cpp">
      <Filter>Source Files\Examples</Filter>
    </ClCompile>
    <ClCompile Include="IC_object.cpp">
      <Filter>Source Files\ICObjects</Filter>
    </ClCompile>
    <ClCompile Include="IC_graphicsManager.cpp">
      <Filter>Source Files\Systems</Filter>
    </ClCompile>
    <ClCompile Include="IC_visualDebugger.cpp">
      <Filter>Source Files\Systems</Filter>
    </ClCompile>
    <ClCompile Include="IC_inputSystem.cpp">
      <Filter>Source Files\Systems</Filter>
    </ClCompile>
    <ClCompile Include="IC_objectSystem.cpp">
      <Filter>Source Files\Systems</Filter>
    </ClCompile>
    <ClCompile Include="IC_game.cpp">
      <Filter>Source Files</Filter>
    </ClCompile>
    <ClCompile Include="IC_assetManager.cpp">
      <Filter>Source Files\Systems</Filter>
    </ClCompile>
  </ItemGroup>
  <ItemGroup>
    <ClInclude Include="IC_graphicsStructs.h">
      <Filter>Header Files\DataTypes\Structs</Filter>
    </ClInclude>
    <ClInclude Include="vectorHelpers.h">
      <Filter>Header Files\Helpers</Filter>
    </ClInclude>
    <ClInclude Include="IC_debugStructs.h">
      <Filter>Header Files\DataTypes\Structs</Filter>
    </ClInclude>
    <ClInclude Include="IC_inputStructs.h">
      <Filter>Header Files\DataTypes\Structs</Filter>
    </ClInclude>
    <ClInclude Include="IC_inputEnums.h">
      <Filter>Header Files\DataTypes\Enums</Filter>
    </ClInclude>
    <ClInclude Include="IC_exampleGame.h">
      <Filter>Header Files\Examples</Filter>
    </ClInclude>
    <ClInclude Include="IC_object.h">
      <Filter>Header Files\ICObjects</Filter>
    </ClInclude>
    <ClInclude Include="IC_inputSystem.h">
      <Filter>Header Files\Systems</Filter>
    </ClInclude>
    <ClInclude Include="IC_objectSystem.h">
      <Filter>Header Files\Systems</Filter>
    </ClInclude>
    <ClInclude Include="IC_graphicsManager.h">
      <Filter>Header Files\Systems</Filter>
    </ClInclude>
    <ClInclude Include="IC_visualDebugger.h">
      <Filter>Header Files\Systems</Filter>
    </ClInclude>
    <ClInclude Include="IC_game.h">
      <Filter>Header Files</Filter>
    </ClInclude>
    <ClInclude Include="IC_assetManager.h">
      <Filter>Header Files\Systems</Filter>
    </ClInclude>
  </ItemGroup>
</Project>